// !$*UTF8*$!
{
	archiveVersion = 1;
	classes = {
	};
	objectVersion = 46;
	objects = {

/* Begin PBXBuildFile section */
		5580C38C1E411CD300EA568C /* AppDelegate.m in Sources */ = {isa = PBXBuildFile; fileRef = 5580C38B1E411CD300EA568C /* AppDelegate.m */; };
		5580C38F1E411CD300EA568C /* main.m in Sources */ = {isa = PBXBuildFile; fileRef = 5580C38E1E411CD300EA568C /* main.m */; };
		5580C3911E411CD300EA568C /* Assets.xcassets in Resources */ = {isa = PBXBuildFile; fileRef = 5580C3901E411CD300EA568C /* Assets.xcassets */; };
		5580C3941E411CD300EA568C /* MainMenu.xib in Resources */ = {isa = PBXBuildFile; fileRef = 5580C3921E411CD300EA568C /* MainMenu.xib */; };
		5580C39C1E4133D500EA568C /* fake_title_bar_fill.png in Resources */ = {isa = PBXBuildFile; fileRef = 5580C39B1E4133D500EA568C /* fake_title_bar_fill.png */; };
/* End PBXBuildFile section */

/* Begin PBXFileReference section */
		5580C3871E411CD300EA568C /* ULITearOffMenu.app */ = {isa = PBXFileReference; explicitFileType = wrapper.application; includeInIndex = 0; path = ULITearOffMenu.app; sourceTree = BUILT_PRODUCTS_DIR; };
		5580C38A1E411CD300EA568C /* AppDelegate.h */ = {isa = PBXFileReference; lastKnownFileType = sourcecode.c.h; path = AppDelegate.h; sourceTree = "<group>"; };
		5580C38B1E411CD300EA568C /* AppDelegate.m */ = {isa = PBXFileReference; lastKnownFileType = sourcecode.c.objc; path = AppDelegate.m; sourceTree = "<group>"; };
		5580C38E1E411CD300EA568C /* main.m */ = {isa = PBXFileReference; lastKnownFileType = sourcecode.c.objc; path = main.m; sourceTree = "<group>"; };
		5580C3901E411CD300EA568C /* Assets.xcassets */ = {isa = PBXFileReference; lastKnownFileType = folder.assetcatalog; path = Assets.xcassets; sourceTree = "<group>"; };
		5580C3931E411CD300EA568C /* Base */ = {isa = PBXFileReference; lastKnownFileType = file.xib; name = Base; path = Base.lproj/MainMenu.xib; sourceTree = "<group>"; };
		5580C3951E411CD300EA568C /* Info.plist */ = {isa = PBXFileReference; lastKnownFileType = text.plist.xml; path = Info.plist; sourceTree = "<group>"; };
		5580C39B1E4133D500EA568C /* fake_title_bar_fill.png */ = {isa = PBXFileReference; lastKnownFileType = image.png; path = fake_title_bar_fill.png; sourceTree = SOURCE_ROOT; };
/* End PBXFileReference section */

/* Begin PBXFrameworksBuildPhase section */
		5580C3841E411CD100EA568C /* Frameworks */ = {
			isa = PBXFrameworksBuildPhase;
			buildActionMask = 2147483647;
			files = (
			);
			runOnlyForDeploymentPostprocessing = 0;
		};
/* End PBXFrameworksBuildPhase section */

/* Begin PBXGroup section */
		5580C37E1E411CD100EA568C = {
			isa = PBXGroup;
			children = (
				5580C3891E411CD300EA568C /* ULITearOffMenu */,
				5580C3881E411CD300EA568C /* Products */,
			);
			sourceTree = "<group>";
		};
		5580C3881E411CD300EA568C /* Products */ = {
			isa = PBXGroup;
			children = (
				5580C3871E411CD300EA568C /* ULITearOffMenu.app */,
			);
			name = Products;
			sourceTree = "<group>";
		};
		5580C3891E411CD300EA568C /* ULITearOffMenu */ = {
			isa = PBXGroup;
			children = (
				5580C38A1E411CD300EA568C /* AppDelegate.h */,
				5580C38B1E411CD300EA568C /* AppDelegate.m */,
				5580C3901E411CD300EA568C /* Assets.xcassets */,
				5580C3921E411CD300EA568C /* MainMenu.xib */,
				5580C3951E411CD300EA568C /* Info.plist */,
				5580C39B1E4133D500EA568C /* fake_title_bar_fill.png */,
				5580C38D1E411CD300EA568C /* Supporting Files */,
			);
			path = ULITearOffMenu;
			sourceTree = "<group>";
		};
		5580C38D1E411CD300EA568C /* Supporting Files */ = {
			isa = PBXGroup;
			children = (
				5580C38E1E411CD300EA568C /* main.m */,
			);
			name = "Supporting Files";
			sourceTree = "<group>";
		};
/* End PBXGroup section */

/* Begin PBXNativeTarget section */
		5580C3861E411CD100EA568C /* ULITearOffMenu */ = {
			isa = PBXNativeTarget;
			buildConfigurationList = 5580C3981E411CD300EA568C /* Build configuration list for PBXNativeTarget "ULITearOffMenu" */;
			buildPhases = (
				5580C3831E411CD100EA568C /* Sources */,
				5580C3841E411CD100EA568C /* Frameworks */,
				5580C3851E411CD100EA568C /* Resources */,
			);
			buildRules = (
			);
			dependencies = (
			);
			name = ULITearOffMenu;
			productName = ULITearOffMenu;
			productReference = 5580C3871E411CD300EA568C /* ULITearOffMenu.app */;
			productType = "com.apple.product-type.application";
		};
/* End PBXNativeTarget section */

/* Begin PBXProject section */
		5580C37F1E411CD100EA568C /* Project object */ = {
			isa = PBXProject;
			attributes = {
				LastUpgradeCheck = 0820;
				ORGANIZATIONNAME = "Uli Kusterer";
				TargetAttributes = {
					5580C3861E411CD100EA568C = {
						CreatedOnToolsVersion = 8.2.1;
						DevelopmentTeam = RCKXACKVZS;
						ProvisioningStyle = Automatic;
					};
				};
			};
			buildConfigurationList = 5580C3821E411CD100EA568C /* Build configuration list for PBXProject "ULITearOffMenu" */;
			compatibilityVersion = "Xcode 3.2";
			developmentRegion = English;
			hasScannedForEncodings = 0;
			knownRegions = (
				en,
				Base,
			);
			mainGroup = 5580C37E1E411CD100EA568C;
			productRefGroup = 5580C3881E411CD300EA568C /* Products */;
			projectDirPath = "";
			projectRoot = "";
			targets = (
				5580C3861E411CD100EA568C /* ULITearOffMenu */,
			);
		};
/* End PBXProject section */

/* Begin PBXResourcesBuildPhase section */
		5580C3851E411CD100EA568C /* Resources */ = {
			isa = PBXResourcesBuildPhase;
			buildActionMask = 2147483647;
			files = (
				5580C3911E411CD300EA568C /* Assets.xcassets in Resources */,
				5580C3941E411CD300EA568C /* MainMenu.xib in Resources */,
				5580C39C1E4133D500EA568C /* fake_title_bar_fill.png in Resources */,
			);
			runOnlyForDeploymentPostprocessing = 0;
		};
/* End PBXResourcesBuildPhase section */

/* Begin PBXSourcesBuildPhase section */
		5580C3831E411CD100EA568C /* Sources */ = {
			isa = PBXSourcesBuildPhase;
			buildActionMask = 2147483647;
			files = (
				5580C38F1E411CD300EA568C /* main.m in Sources */,
				5580C38C1E411CD300EA568C /* AppDelegate.m in Sources */,
			);
			runOnlyForDeploymentPostprocessing = 0;
		};
/* End PBXSourcesBuildPhase section */

/* Begin PBXVariantGroup section */
		5580C3921E411CD300EA568C /* MainMenu.xib */ = {
			isa = PBXVariantGroup;
			children = (
				5580C3931E411CD300EA568C /* Base */,
			);
			name = MainMenu.xib;
			sourceTree = "<group>";
		};
/* End PBXVariantGroup section */

/* Begin XCBuildConfiguration section */
		5580C3961E411CD300EA568C /* Debug */ = {
			isa = XCBuildConfiguration;
			buildSettings = {
				ALWAYS_SEARCH_USER_PATHS = NO;
				CLANG_ANALYZER_NONNULL = YES;
				CLANG_CXX_LANGUAGE_STANDARD = "gnu++0x";
				CLANG_CXX_LIBRARY = "libc++";
				CLANG_ENABLE_MODULES = YES;
				CLANG_ENABLE_OBJC_ARC = YES;
				CLANG_WARN_BOOL_CONVERSION = YES;
				CLANG_WARN_CONSTANT_CONVERSION = YES;
				CLANG_WARN_DIRECT_OBJC_ISA_USAGE = YES_ERROR;
				CLANG_WARN_DOCUMENTATION_COMMENTS = YES;
				CLANG_WARN_EMPTY_BODY = YES;
				CLANG_WARN_ENUM_CONVERSION = YES;
				CLANG_WARN_INFINITE_RECURSION = YES;
				CLANG_WARN_INT_CONVERSION = YES;
				CLANG_WARN_OBJC_ROOT_CLASS = YES_ERROR;
				CLANG_WARN_SUSPICIOUS_MOVE = YES;
				CLANG_WARN_UNREACHABLE_CODE = YES;
				CLANG_WARN__DUPLICATE_METHOD_MATCH = YES;
				CODE_SIGN_IDENTITY = "-";
				COPY_PHASE_STRIP = NO;
				DEBUG_INFORMATION_FORMAT = dwarf;
				ENABLE_STRICT_OBJC_MSGSEND = YES;
				ENABLE_TESTABILITY = YES;
				GCC_C_LANGUAGE_STANDARD = gnu99;
				GCC_DYNAMIC_NO_PIC = NO;
				GCC_NO_COMMON_BLOCKS = YES;
				GCC_OPTIMIZATION_LEVEL = 0;
				GCC_PREPROCESSOR_DEFINITIONS = (
					"DEBUG=1",
					"$(inherited)",
				);
				GCC_WARN_64_TO_32_BIT_CONVERSION = YES;
				GCC_WARN_ABOUT_RETURN_TYPE = YES_ERROR;
				GCC_WARN_UNDECLARED_SELECTOR = YES;
				GCC_WARN_UNINITIALIZED_AUTOS = YES_AGGRESSIVE;
				GCC_WARN_UNUSED_FUNCTION = YES;
				GCC_WARN_UNUSED_VARIABLE = YES;
				MACOSX_DEPLOYMENT_TARGET = 10.12;
				MTL_ENABLE_DEBUG_INFO = YES;
				ONLY_ACTIVE_ARCH = YES;
				SDKROOT = macosx;
			};
			name = Debug;
		};
		5580C3971E411CD300EA568C /* Release */ = {
			isa = XCBuildConfiguration;
			buildSettings = {
				ALWAYS_SEARCH_USER_PATHS = NO;
				CLANG_ANALYZER_NONNULL = YES;
				CLANG_CXX_LANGUAGE_STANDARD = "gnu++0x";
				CLANG_CXX_LIBRARY = "libc++";
				CLANG_ENABLE_MODULES = YES;
				CLANG_ENABLE_OBJC_ARC = YES;
				CLANG_WARN_BOOL_CONVERSION = YES;
				CLANG_WARN_CONSTANT_CONVERSION = YES;
				CLANG_WARN_DIRECT_OBJC_ISA_USAGE = YES_ERROR;
				CLANG_WARN_DOCUMENTATION_COMMENTS = YES;
				CLANG_WARN_EMPTY_BODY = YES;
				CLANG_WARN_ENUM_CONVERSION = YES;
				CLANG_WARN_INFINITE_RECURSION = YES;
				CLANG_WARN_INT_CONVERSION = YES;
				CLANG_WARN_OBJC_ROOT_CLASS = YES_ERROR;
				CLANG_WARN_SUSPICIOUS_MOVE = YES;
				CLANG_WARN_UNREACHABLE_CODE = YES;
				CLANG_WARN__DUPLICATE_METHOD_MATCH = YES;
				CODE_SIGN_IDENTITY = "-";
				COPY_PHASE_STRIP = NO;
				DEBUG_INFORMATION_FORMAT = "dwarf-with-dsym";
				ENABLE_NS_ASSERTIONS = NO;
				ENABLE_STRICT_OBJC_MSGSEND = YES;
				GCC_C_LANGUAGE_STANDARD = gnu99;
				GCC_NO_COMMON_BLOCKS = YES;
				GCC_WARN_64_TO_32_BIT_CONVERSION = YES;
				GCC_WARN_ABOUT_RETURN_TYPE = YES_ERROR;
				GCC_WARN_UNDECLARED_SELECTOR = YES;
				GCC_WARN_UNINITIALIZED_AUTOS = YES_AGGRESSIVE;
				GCC_WARN_UNUSED_FUNCTION = YES;
				GCC_WARN_UNUSED_VARIABLE = YES;
				MACOSX_DEPLOYMENT_TARGET = 10.12;
				MTL_ENABLE_DEBUG_INFO = NO;
				SDKROOT = macosx;
			};
			name = Release;
		};
		5580C3991E411CD300EA568C /* Debug */ = {
			isa = XCBuildConfiguration;
			buildSettings = {
				ASSETCATALOG_COMPILER_APPICON_NAME = AppIcon;
				COMBINE_HIDPI_IMAGES = YES;
				DEVELOPMENT_TEAM = RCKXACKVZS;
				INFOPLIST_FILE = ULITearOffMenu/Info.plist;
				LD_RUNPATH_SEARCH_PATHS = "$(inherited) @executable_path/../Frameworks";
				PRODUCT_BUNDLE_IDENTIFIER = com.thevoidsoftware.ULITearOffMenu;
				PRODUCT_NAME = "$(TARGET_NAME)";
			};
			name = Debug;
		};
		5580C39A1E411CD300EA568C /* Release */ = {
			isa = XCBuildConfiguration;
			buildSettings = {
				ASSETCATALOG_COMPILER_APPICON_NAME = AppIcon;
				COMBINE_HIDPI_IMAGES = YES;
				DEVELOPMENT_TEAM = RCKXACKVZS;
				INFOPLIST_FILE = ULITearOffMenu/Info.plist;
				LD_RUNPATH_SEARCH_PATHS = "$(inherited) @executable_path/../Frameworks";
				PRODUCT_BUNDLE_IDENTIFIER = com.thevoidsoftware.ULITearOffMenu;
				PRODUCT_NAME = "$(TARGET_NAME)";
			};
			name = Release;
		};
/* End XCBuildConfiguration section */

/* Begin XCConfigurationList section */
		5580C3821E411CD100EA568C /* Build configuration list for PBXProject "ULITearOffMenu" */ = {
			isa = XCConfigurationList;
			buildConfigurations = (
				5580C3961E411CD300EA568C /* Debug */,
				5580C3971E411CD300EA568C /* Release */,
			);
			defaultConfigurationIsVisible = 0;
			defaultConfigurationName = Release;
		};
		5580C3981E411CD300EA568C /* Build configuration list for PBXNativeTarget "ULITearOffMenu" */ = {
			isa = XCConfigurationList;
			buildConfigurations = (
				5580C3991E411CD300EA568C /* Debug */,
				5580C39A1E411CD300EA568C /* Release */,
			);
			defaultConfigurationIsVisible = 0;
		};
/* End XCConfigurationList section */
	};
	rootObject = 5580C37F1E411CD100EA568C /* Project object */;
}
